Microsoft Visual Studio Solution File, Format Version 10.00
# Visual Studio 2008
Project("{FAE04EC0-301F-11D3-BF4B-00C04F79EFBC}") = "E843", "E843\E843.csproj", "{18084FC9-73F0-4B18-B8DF-9417CE7D636B}"
EndProject
Global
	GlobalSection(SolutionConfigurationPlatforms) = preSolution
		Debug|Any CPU = Debug|Any CPU
		Release|Any CPU = Release|Any CPU
	EndGlobalSection
	GlobalSection(ProjectConfigurationPlatforms) = postSolution
		{18084FC9-73F0-4B18-B8DF-9417CE7D636B}.Debug|Any CPU.ActiveCfg = Debug|Any CPU
		{18084FC9-73F0-4B18-B8DF-9417CE7D636B}.Debug|Any CPU.Build.0 = Debug|Any CPU
		{18084FC9-73F0-4B18-B8DF-9417CE7D636B}.Release|Any CPU.ActiveCfg = Release|Any CPU
		{18084FC9-73F0-4B18-B8DF-9417CE7D636B}.Release|Any CPU.Build.0 = Release|Any CPU
	EndGlobalSection
	GlobalSection(SolutionProperties) = preSolution
		HideSolutionNode = FALSE
	EndGlobalSection
EndGlobal
